
Microsoft Visual Studio Solution File, Format Version 12.00
# Visual Studio Version 16
VisualStudioVersion = 16.0.29209.62
MinimumVisualStudioVersion = 10.0.40219.1
Project("{FAE04EC0-301F-11D3-BF4B-00C04F79EFBC}") = "AzureDevOpsConnector", "AzureDevOpsConnector\AzureDevOpsConnector.csproj", "{15F898EC-0ECE-4524-A5D3-61E3305304BA}"
EndProject
Global
	GlobalSection(SolutionConfigurationPlatforms) = preSolution
		Debug|Any CPU = Debug|Any CPU
		Release|Any CPU = Release|Any CPU
	EndGlobalSection
	GlobalSection(ProjectConfigurationPlatforms) = postSolution
		{15F898EC-0ECE-4524-A5D3-61E3305304BA}.Debug|Any CPU.ActiveCfg = Debug|Any CPU
		{15F898EC-0ECE-4524-A5D3-61E3305304BA}.Debug|Any CPU.Build.0 = Debug|Any CPU
		{15F898EC-0ECE-4524-A5D3-61E3305304BA}.Release|Any CPU.ActiveCfg = Release|Any CPU
		{15F898EC-0ECE-4524-A5D3-61E3305304BA}.Release|Any CPU.Build.0 = Release|Any CPU
	EndGlobalSection
	GlobalSection(SolutionProperties) = preSolution
		HideSolutionNode = FALSE
	EndGlobalSection
	GlobalSection(ExtensibilityGlobals) = postSolution
		SolutionGuid = {D220D0C6-F2D6-4E6C-AFE2-11B5089421CA}
	EndGlobalSection
EndGlobal
